
Microsoft Visual Studio Solution File, Format Version 12.00
# Visual Studio 2012
Project("{FAE04EC0-301F-11D3-BF4B-00C04F79EFBC}") = "Example_1_ThreadClass", "Multitherading_Examples\Example_1_ThreadClass.csproj", "{7D4354BD-3FDA-452D-80C2-BA808813A92E}"
EndProject
Project("{FAE04EC0-301F-11D3-BF4B-00C04F79EFBC}") = "Example_2_Thread_Interrupt", "Example_2_Thread_Interrupt\Example_2_Thread_Interrupt.csproj", "{6C7E15B5-A1B9-42EE-96E9-9DDB68CA9C27}"
EndProject
Project("{FAE04EC0-301F-11D3-BF4B-00C04F79EFBC}") = "Example_3_HelloWorld", "Example_3_HelloWorld\Example_3_HelloWorld.csproj", "{62A97498-8EFE-4128-9A3D-1BB6E25760F9}"
EndProject
Project("{FAE04EC0-301F-11D3-BF4B-00C04F79EFBC}") = "Example_4_MultipleThreads", "Example_4_MultipleThreads\Example_4_MultipleThreads.csproj", "{723C4DFD-0581-49AB-BF3E-4667EF7F9B5E}"
EndProject
Project("{FAE04EC0-301F-11D3-BF4B-00C04F79EFBC}") = "Example_5_ThreadPool", "Example_5_ThreadPool\Example_5_ThreadPool.csproj", "{F03A9BDD-9BC7-4FEE-80C9-7CC437C167BC}"
EndProject
Project("{FAE04EC0-301F-11D3-BF4B-00C04F79EFBC}") = "Example_6_SharingDataBetweenThreads", "Example_6_SharingDataBetweenThreads\Example_6_SharingDataBetweenThreads.csproj", "{351A7B33-B3B9-442D-946C-5F215745E132}"
EndProject
Project("{FAE04EC0-301F-11D3-BF4B-00C04F79EFBC}") = "Example_7_Passing_Data", "Example_7_Passing_Data\Example_7_Passing_Data.csproj", "{F721D0A0-55C4-4A2B-809A-0EF699593875}"
EndProject
Project("{FAE04EC0-301F-11D3-BF4B-00C04F79EFBC}") = "Example_8_Retrieving_Data", "Example_8_Retrieving_Data\Example_8_Retrieving_Data.csproj", "{B96D687F-A3D4-4AAF-8E26-07C3C7FE1E99}"
EndProject
Project("{FAE04EC0-301F-11D3-BF4B-00C04F79EFBC}") = "Example_9_lock", "Example_9_lock\Example_9_lock.csproj", "{04C87167-B636-4E8C-8C8A-CFDF02EB4860}"
EndProject
Project("{FAE04EC0-301F-11D3-BF4B-00C04F79EFBC}") = "Example_10_Monitor", "Example_10_Monitor\Example_10_Monitor.csproj", "{725CC174-C5B4-4F75-8B7A-AADE67A32073}"
EndProject
Project("{FAE04EC0-301F-11D3-BF4B-00C04F79EFBC}") = "Example_11_Task_1", "Example_11_Task_1\Example_11_Task_1.csproj", "{45FAAE40-51E0-4EE8-A183-B7E6BE5A586A}"
EndProject
Project("{FAE04EC0-301F-11D3-BF4B-00C04F79EFBC}") = "Example_12_Task_Generic", "Example_12_Task_Generic\Example_12_Task_Generic.csproj", "{19F9C551-C694-42E8-8C00-1378FE720BED}"
EndProject
Project("{FAE04EC0-301F-11D3-BF4B-00C04F79EFBC}") = "Example_13_ParalellFor", "Example_13_ParalellFor\Example_13_ParalellFor.csproj", "{016CDBED-9934-4EEA-A988-30AA7E08CBC6}"
EndProject
Project("{FAE04EC0-301F-11D3-BF4B-00C04F79EFBC}") = "Example_14_Parallel_Invoke", "Example_14_Parallel_Invoke\Example_14_Parallel_Invoke.csproj", "{15336C53-33C0-4F09-97A2-8C1186A27B6E}"
EndProject
Project("{FAE04EC0-301F-11D3-BF4B-00C04F79EFBC}") = "Example_15_APM", "Example_15_APM\Example_15_APM.csproj", "{8BA89F72-9B7B-4E13-8C66-3293467F4D5D}"
EndProject
Project("{FAE04EC0-301F-11D3-BF4B-00C04F79EFBC}") = "Example_16_EAP", "Example_16_EAP\Example_16_EAP.csproj", "{3110C632-ACA3-4729-82E3-8B0462B44B7A}"
EndProject
Project("{FAE04EC0-301F-11D3-BF4B-00C04F79EFBC}") = "Example_17_Task", "Example_17_Task\Example_17_Task.csproj", "{666B9C8A-3E10-4170-A81A-5CADC5301784}"
EndProject
Project("{FAE04EC0-301F-11D3-BF4B-00C04F79EFBC}") = "Example_18_TaskFactory", "Example_18_TaskFactory\Example_18_TaskFactory.csproj", "{3EA8E229-797E-4AD2-9769-82980F98DEDC}"
EndProject
Project("{FAE04EC0-301F-11D3-BF4B-00C04F79EFBC}") = "Example_19_TaskWait", "Example_19_TaskWait\Example_19_TaskWait.csproj", "{09D6885B-0998-40A1-A9AC-507121066DDF}"
EndProject
Global
	GlobalSection(SolutionConfigurationPlatforms) = preSolution
		Debug|Any CPU = Debug|Any CPU
		Release|Any CPU = Release|Any CPU
	EndGlobalSection
	GlobalSection(ProjectConfigurationPlatforms) = postSolution
		{7D4354BD-3FDA-452D-80C2-BA808813A92E}.Debug|Any CPU.ActiveCfg = Debug|Any CPU
		{7D4354BD-3FDA-452D-80C2-BA808813A92E}.Debug|Any CPU.Build.0 = Debug|Any CPU
		{7D4354BD-3FDA-452D-80C2-BA808813A92E}.Release|Any CPU.ActiveCfg = Release|Any CPU
		{7D4354BD-3FDA-452D-80C2-BA808813A92E}.Release|Any CPU.Build.0 = Release|Any CPU
		{6C7E15B5-A1B9-42EE-96E9-9DDB68CA9C27}.Debug|Any CPU.ActiveCfg = Debug|Any CPU
		{6C7E15B5-A1B9-42EE-96E9-9DDB68CA9C27}.Debug|Any CPU.Build.0 = Debug|Any CPU
		{6C7E15B5-A1B9-42EE-96E9-9DDB68CA9C27}.Release|Any CPU.ActiveCfg = Release|Any CPU
		{6C7E15B5-A1B9-42EE-96E9-9DDB68CA9C27}.Release|Any CPU.Build.0 = Release|Any CPU
		{62A97498-8EFE-4128-9A3D-1BB6E25760F9}.Debug|Any CPU.ActiveCfg = Debug|Any CPU
		{62A97498-8EFE-4128-9A3D-1BB6E25760F9}.Debug|Any CPU.Build.0 = Debug|Any CPU
		{62A97498-8EFE-4128-9A3D-1BB6E25760F9}.Release|Any CPU.ActiveCfg = Release|Any CPU
		{62A97498-8EFE-4128-9A3D-1BB6E25760F9}.Release|Any CPU.Build.0 = Release|Any CPU
		{723C4DFD-0581-49AB-BF3E-4667EF7F9B5E}.Debug|Any CPU.ActiveCfg = Debug|Any CPU
		{723C4DFD-0581-49AB-BF3E-4667EF7F9B5E}.Debug|Any CPU.Build.0 = Debug|Any CPU
		{723C4DFD-0581-49AB-BF3E-4667EF7F9B5E}.Release|Any CPU.ActiveCfg = Release|Any CPU
		{723C4DFD-0581-49AB-BF3E-4667EF7F9B5E}.Release|Any CPU.Build.0 = Release|Any CPU
		{F03A9BDD-9BC7-4FEE-80C9-7CC437C167BC}.Debug|Any CPU.ActiveCfg = Debug|Any CPU
		{F03A9BDD-9BC7-4FEE-80C9-7CC437C167BC}.Debug|Any CPU.Build.0 = Debug|Any CPU
		{F03A9BDD-9BC7-4FEE-80C9-7CC437C167BC}.Release|Any CPU.ActiveCfg = Release|Any CPU
		{F03A9BDD-9BC7-4FEE-80C9-7CC437C167BC}.Release|Any CPU.Build.0 = Release|Any CPU
		{351A7B33-B3B9-442D-946C-5F215745E132}.Debug|Any CPU.ActiveCfg = Debug|Any CPU
		{351A7B33-B3B9-442D-946C-5F215745E132}.Debug|Any CPU.Build.0 = Debug|Any CPU
		{351A7B33-B3B9-442D-946C-5F215745E132}.Release|Any CPU.ActiveCfg = Release|Any CPU
		{351A7B33-B3B9-442D-946C-5F215745E132}.Release|Any CPU.Build.0 = Release|Any CPU
		{F721D0A0-55C4-4A2B-809A-0EF699593875}.Debug|Any CPU.ActiveCfg = Debug|Any CPU
		{F721D0A0-55C4-4A2B-809A-0EF699593875}.Debug|Any CPU.Build.0 = Debug|Any CPU
		{F721D0A0-55C4-4A2B-809A-0EF699593875}.Release|Any CPU.ActiveCfg = Release|Any CPU
		{F721D0A0-55C4-4A2B-809A-0EF699593875}.Release|Any CPU.Build.0 = Release|Any CPU
		{B96D687F-A3D4-4AAF-8E26-07C3C7FE1E99}.Debug|Any CPU.ActiveCfg = Debug|Any CPU
		{B96D687F-A3D4-4AAF-8E26-07C3C7FE1E99}.Debug|Any CPU.Build.0 = Debug|Any CPU
		{B96D687F-A3D4-4AAF-8E26-07C3C7FE1E99}.Release|Any CPU.ActiveCfg = Release|Any CPU
		{B96D687F-A3D4-4AAF-8E26-07C3C7FE1E99}.Release|Any CPU.Build.0 = Release|Any CPU
		{04C87167-B636-4E8C-8C8A-CFDF02EB4860}.Debug|Any CPU.ActiveCfg = Debug|Any CPU
		{04C87167-B636-4E8C-8C8A-CFDF02EB4860}.Debug|Any CPU.Build.0 = Debug|Any CPU
		{04C87167-B636-4E8C-8C8A-CFDF02EB4860}.Release|Any CPU.ActiveCfg = Release|Any CPU
		{04C87167-B636-4E8C-8C8A-CFDF02EB4860}.Release|Any CPU.Build.0 = Release|Any CPU
		{725CC174-C5B4-4F75-8B7A-AADE67A32073}.Debug|Any CPU.ActiveCfg = Debug|Any CPU
		{725CC174-C5B4-4F75-8B7A-AADE67A32073}.Debug|Any CPU.Build.0 = Debug|Any CPU
		{725CC174-C5B4-4F75-8B7A-AADE67A32073}.Release|Any CPU.ActiveCfg = Release|Any CPU
		{725CC174-C5B4-4F75-8B7A-AADE67A32073}.Release|Any CPU.Build.0 = Release|Any CPU
		{45FAAE40-51E0-4EE8-A183-B7E6BE5A586A}.Debug|Any CPU.ActiveCfg = Debug|Any CPU
		{45FAAE40-51E0-4EE8-A183-B7E6BE5A586A}.Debug|Any CPU.Build.0 = Debug|Any CPU
		{45FAAE40-51E0-4EE8-A183-B7E6BE5A586A}.Release|Any CPU.ActiveCfg = Release|Any CPU
		{45FAAE40-51E0-4EE8-A183-B7E6BE5A586A}.Release|Any CPU.Build.0 = Release|Any CPU
		{19F9C551-C694-42E8-8C00-1378FE720BED}.Debug|Any CPU.ActiveCfg = Debug|Any CPU
		{19F9C551-C694-42E8-8C00-1378FE720BED}.Debug|Any CPU.Build.0 = Debug|Any CPU
		{19F9C551-C694-42E8-8C00-1378FE720BED}.Release|Any CPU.ActiveCfg = Release|Any CPU
		{19F9C551-C694-42E8-8C00-1378FE720BED}.Release|Any CPU.Build.0 = Release|Any CPU
		{016CDBED-9934-4EEA-A988-30AA7E08CBC6}.Debug|Any CPU.ActiveCfg = Debug|Any CPU
		{016CDBED-9934-4EEA-A988-30AA7E08CBC6}.Debug|Any CPU.Build.0 = Debug|Any CPU
		{016CDBED-9934-4EEA-A988-30AA7E08CBC6}.Release|Any CPU.ActiveCfg = Release|Any CPU
		{016CDBED-9934-4EEA-A988-30AA7E08CBC6}.Release|Any CPU.Build.0 = Release|Any CPU
		{15336C53-33C0-4F09-97A2-8C1186A27B6E}.Debug|Any CPU.ActiveCfg = Debug|Any CPU
		{15336C53-33C0-4F09-97A2-8C1186A27B6E}.Debug|Any CPU.Build.0 = Debug|Any CPU
		{15336C53-33C0-4F09-97A2-8C1186A27B6E}.Release|Any CPU.ActiveCfg = Release|Any CPU
		{15336C53-33C0-4F09-97A2-8C1186A27B6E}.Release|Any CPU.Build.0 = Release|Any CPU
		{8BA89F72-9B7B-4E13-8C66-3293467F4D5D}.Debug|Any CPU.ActiveCfg = Debug|Any CPU
		{8BA89F72-9B7B-4E13-8C66-3293467F4D5D}.Debug|Any CPU.Build.0 = Debug|Any CPU
		{8BA89F72-9B7B-4E13-8C66-3293467F4D5D}.Release|Any CPU.ActiveCfg = Release|Any CPU
		{8BA89F72-9B7B-4E13-8C66-3293467F4D5D}.Release|Any CPU.Build.0 = Release|Any CPU
		{3110C632-ACA3-4729-82E3-8B0462B44B7A}.Debug|Any CPU.ActiveCfg = Debug|Any CPU
		{3110C632-ACA3-4729-82E3-8B0462B44B7A}.Debug|Any CPU.Build.0 = Debug|Any CPU
		{3110C632-ACA3-4729-82E3-8B0462B44B7A}.Release|Any CPU.ActiveCfg = Release|Any CPU
		{3110C632-ACA3-4729-82E3-8B0462B44B7A}.Release|Any CPU.Build.0 = Release|Any CPU
		{666B9C8A-3E10-4170-A81A-5CADC5301784}.Debug|Any CPU.ActiveCfg = Debug|Any CPU
		{666B9C8A-3E10-4170-A81A-5CADC5301784}.Debug|Any CPU.Build.0 = Debug|Any CPU
		{666B9C8A-3E10-4170-A81A-5CADC5301784}.Release|Any CPU.ActiveCfg = Release|Any CPU
		{666B9C8A-3E10-4170-A81A-5CADC5301784}.Release|Any CPU.Build.0 = Release|Any CPU
		{3EA8E229-797E-4AD2-9769-82980F98DEDC}.Debug|Any CPU.ActiveCfg = Debug|Any CPU
		{3EA8E229-797E-4AD2-9769-82980F98DEDC}.Debug|Any CPU.Build.0 = Debug|Any CPU
		{3EA8E229-797E-4AD2-9769-82980F98DEDC}.Release|Any CPU.ActiveCfg = Release|Any CPU
		{3EA8E229-797E-4AD2-9769-82980F98DEDC}.Release|Any CPU.Build.0 = Release|Any CPU
		{09D6885B-0998-40A1-A9AC-507121066DDF}.Debug|Any CPU.ActiveCfg = Debug|Any CPU
		{09D6885B-0998-40A1-A9AC-507121066DDF}.Debug|Any CPU.Build.0 = Debug|Any CPU
		{09D6885B-0998-40A1-A9AC-507121066DDF}.Release|Any CPU.ActiveCfg = Release|Any CPU
		{09D6885B-0998-40A1-A9AC-507121066DDF}.Release|Any CPU.Build.0 = Release|Any CPU
	EndGlobalSection
	GlobalSection(SolutionProperties) = preSolution
		HideSolutionNode = FALSE
	EndGlobalSection
EndGlobal
